
Microsoft Visual Studio Solution File, Format Version 12.00
# Visual Studio Version 17
VisualStudioVersion = 17.14.37314.3
MinimumVisualStudioVersion = 10.0.40219.1
Project("{FAE04EC0-301F-11D3-BF4B-00C04F79EFBC}") = "ExamplePlugins", "ExamplePlugins\ExamplePlugins.csproj", "{729DE2CC-6FFC-4958-8A9D-1EA705070A77}"
EndProject
Project("{FAE04EC0-301F-11D3-BF4B-00C04F79EFBC}") = "ExampleWorkflows", "ExampleWorkflows\ExampleWorkflows.csproj", "{BAB0E5EC-DF6E-4CC5-BEF4-E593425A560D}"
EndProject
Global
	GlobalSection(SolutionConfigurationPlatforms) = preSolution
		Debug|Any CPU = Debug|Any CPU
		DebugLocal|Any CPU = DebugLocal|Any CPU
		DEV|Any CPU = DEV|Any CPU
		PreProd|Any CPU = PreProd|Any CPU
		Prod|Any CPU = Prod|Any CPU
		Release|Any CPU = Release|Any CPU
		Test|Any CPU = Test|Any CPU
	EndGlobalSection
	GlobalSection(ProjectConfigurationPlatforms) = postSolution
		{729DE2CC-6FFC-4958-8A9D-1EA705070A77}.Debug|Any CPU.ActiveCfg = Debug|Any CPU
		{729DE2CC-6FFC-4958-8A9D-1EA705070A77}.Debug|Any CPU.Build.0 = Debug|Any CPU
		{729DE2CC-6FFC-4958-8A9D-1EA705070A77}.DebugLocal|Any CPU.ActiveCfg = Debug|Any CPU
		{729DE2CC-6FFC-4958-8A9D-1EA705070A77}.DebugLocal|Any CPU.Build.0 = Debug|Any CPU
		{729DE2CC-6FFC-4958-8A9D-1EA705070A77}.DEV|Any CPU.ActiveCfg = Release|Any CPU
		{729DE2CC-6FFC-4958-8A9D-1EA705070A77}.DEV|Any CPU.Build.0 = Release|Any CPU
		{729DE2CC-6FFC-4958-8A9D-1EA705070A77}.PreProd|Any CPU.ActiveCfg = Release|Any CPU
		{729DE2CC-6FFC-4958-8A9D-1EA705070A77}.PreProd|Any CPU.Build.0 = Release|Any CPU
		{729DE2CC-6FFC-4958-8A9D-1EA705070A77}.Prod|Any CPU.ActiveCfg = Debug|Any CPU
		{729DE2CC-6FFC-4958-8A9D-1EA705070A77}.Prod|Any CPU.Build.0 = Debug|Any CPU
		{729DE2CC-6FFC-4958-8A9D-1EA705070A77}.Release|Any CPU.ActiveCfg = Release|Any CPU
		{729DE2CC-6FFC-4958-8A9D-1EA705070A77}.Release|Any CPU.Build.0 = Release|Any CPU
		{729DE2CC-6FFC-4958-8A9D-1EA705070A77}.Test|Any CPU.ActiveCfg = Debug|Any CPU
		{729DE2CC-6FFC-4958-8A9D-1EA705070A77}.Test|Any CPU.Build.0 = Debug|Any CPU
		{BAB0E5EC-DF6E-4CC5-BEF4-E593425A560D}.Debug|Any CPU.ActiveCfg = Debug|Any CPU
		{BAB0E5EC-DF6E-4CC5-BEF4-E593425A560D}.Debug|Any CPU.Build.0 = Debug|Any CPU
		{BAB0E5EC-DF6E-4CC5-BEF4-E593425A560D}.DebugLocal|Any CPU.ActiveCfg = Debug|Any CPU
		{BAB0E5EC-DF6E-4CC5-BEF4-E593425A560D}.DebugLocal|Any CPU.Build.0 = Debug|Any CPU
		{BAB0E5EC-DF6E-4CC5-BEF4-E593425A560D}.DEV|Any CPU.ActiveCfg = Release|Any CPU
		{BAB0E5EC-DF6E-4CC5-BEF4-E593425A560D}.DEV|Any CPU.Build.0 = Release|Any CPU
		{BAB0E5EC-DF6E-4CC5-BEF4-E593425A560D}.PreProd|Any CPU.ActiveCfg = Release|Any CPU
		{BAB0E5EC-DF6E-4CC5-BEF4-E593425A560D}.PreProd|Any CPU.Build.0 = Release|Any CPU
		{BAB0E5EC-DF6E-4CC5-BEF4-E593425A560D}.Prod|Any CPU.ActiveCfg = Debug|Any CPU
		{BAB0E5EC-DF6E-4CC5-BEF4-E593425A560D}.Prod|Any CPU.Build.0 = Debug|Any CPU
		{BAB0E5EC-DF6E-4CC5-BEF4-E593425A560D}.Release|Any CPU.ActiveCfg = Release|Any CPU
		{BAB0E5EC-DF6E-4CC5-BEF4-E593425A560D}.Release|Any CPU.Build.0 = Release|Any CPU
		{BAB0E5EC-DF6E-4CC5-BEF4-E593425A560D}.Test|Any CPU.ActiveCfg = Debug|Any CPU
		{BAB0E5EC-DF6E-4CC5-BEF4-E593425A560D}.Test|Any CPU.Build.0 = Debug|Any CPU
	EndGlobalSection
	GlobalSection(SolutionProperties) = preSolution
		HideSolutionNode = FALSE
	EndGlobalSection
	GlobalSection(ExtensibilityGlobals) = postSolution
		SolutionGuid = {8AD80A80-F799-4E4B-887D-C6DFC73D9232}
	EndGlobalSection
EndGlobal
